
Microsoft Visual Studio Solution File, Format Version 12.00
# Visual Studio Version 16
VisualStudioVersion = 16.0.32228.343
MinimumVisualStudioVersion = 10.0.40219.1
Project("{FAE04EC0-301F-11D3-BF4B-00C04F79EFBC}") = "Message service", "Message service\Message service.csproj", "{BBD5037B-A809-404D-BA3A-5A1C34C7EA37}"
EndProject
Global
	GlobalSection(SolutionConfigurationPlatforms) = preSolution
		Debug|Any CPU = Debug|Any CPU
		Release|Any CPU = Release|Any CPU
	EndGlobalSection
	GlobalSection(ProjectConfigurationPlatforms) = postSolution
		{BBD5037B-A809-404D-BA3A-5A1C34C7EA37}.Debug|Any CPU.ActiveCfg = Debug|Any CPU
		{BBD5037B-A809-404D-BA3A-5A1C34C7EA37}.Debug|Any CPU.Build.0 = Debug|Any CPU
		{BBD5037B-A809-404D-BA3A-5A1C34C7EA37}.Release|Any CPU.ActiveCfg = Release|Any CPU
		{BBD5037B-A809-404D-BA3A-5A1C34C7EA37}.Release|Any CPU.Build.0 = Release|Any CPU
	EndGlobalSection
	GlobalSection(SolutionProperties) = preSolution
		HideSolutionNode = FALSE
	EndGlobalSection
	GlobalSection(ExtensibilityGlobals) = postSolution
		SolutionGuid = {F500B995-C03E-4914-9A45-4A64E295ABC3}
	EndGlobalSection
EndGlobal
