
Microsoft Visual Studio Solution File, Format Version 12.00
# Visual Studio Version 16
VisualStudioVersion = 16.0.31624.102
MinimumVisualStudioVersion = 10.0.40219.1
Project("{FAE04EC0-301F-11D3-BF4B-00C04F79EFBC}") = "Part01", "Part01\Part01.csproj", "{2AC41A5B-98D0-44AB-A287-D6B0593082CD}"
EndProject
Global
	GlobalSection(SolutionConfigurationPlatforms) = preSolution
		Debug|Any CPU = Debug|Any CPU
		Release|Any CPU = Release|Any CPU
	EndGlobalSection
	GlobalSection(ProjectConfigurationPlatforms) = postSolution
		{2AC41A5B-98D0-44AB-A287-D6B0593082CD}.Debug|Any CPU.ActiveCfg = Debug|Any CPU
		{2AC41A5B-98D0-44AB-A287-D6B0593082CD}.Debug|Any CPU.Build.0 = Debug|Any CPU
		{2AC41A5B-98D0-44AB-A287-D6B0593082CD}.Release|Any CPU.ActiveCfg = Release|Any CPU
		{2AC41A5B-98D0-44AB-A287-D6B0593082CD}.Release|Any CPU.Build.0 = Release|Any CPU
	EndGlobalSection
	GlobalSection(SolutionProperties) = preSolution
		HideSolutionNode = FALSE
	EndGlobalSection
	GlobalSection(ExtensibilityGlobals) = postSolution
		SolutionGuid = {712B1584-91E5-4664-9C2D-0D7DA1943488}
	EndGlobalSection
EndGlobal
